// !$*UTF8*$!
{
	archiveVersion = 1;
	classes = {
	};
	objectVersion = 56;
	objects = {

/* Begin PBXBuildFile section */
		1B7886D629D9AA390045CB3C /* Types.swift in Sources */ = {isa = PBXBuildFile; fileRef = 1B7886D529D9AA390045CB3C /* Types.swift */; };
		1BA981D829D53CEF003163E1 /* Refactoring_SwiftApp.swift in Sources */ = {isa = PBXBuildFile; fileRef = 1BA981D729D53CEF003163E1 /* Refactoring_SwiftApp.swift */; };
		1BA981DA29D53CEF003163E1 /* ContentView.swift in Sources */ = {isa = PBXBuildFile; fileRef = 1BA981D929D53CEF003163E1 /* ContentView.swift */; };
		1BA981DC29D53CF1003163E1 /* Assets.xcassets in Resources */ = {isa = PBXBuildFile; fileRef = 1BA981DB29D53CF1003163E1 /* Assets.xcassets */; };
		1BA981DF29D53CF1003163E1 /* Preview Assets.xcassets in Resources */ = {isa = PBXBuildFile; fileRef = 1BA981DE29D53CF1003163E1 /* Preview Assets.xcassets */; };
		1BA981E929D53CF2003163E1 /* Refactoring_SwiftTests.swift in Sources */ = {isa = PBXBuildFile; fileRef = 1BA981E829D53CF2003163E1 /* Refactoring_SwiftTests.swift */; };
		1BA981F329D53CF2003163E1 /* Refactoring_SwiftUITests.swift in Sources */ = {isa = PBXBuildFile; fileRef = 1BA981F229D53CF2003163E1 /* Refactoring_SwiftUITests.swift */; };
		1BA981F529D53CF2003163E1 /* Refactoring_SwiftUITestsLaunchTests.swift in Sources */ = {isa = PBXBuildFile; fileRef = 1BA981F429D53CF2003163E1 /* Refactoring_SwiftUITestsLaunchTests.swift */; };
		1BA9820429D53D2F003163E1 /* Play.swift in Sources */ = {isa = PBXBuildFile; fileRef = 1BA9820329D53D2F003163E1 /* Play.swift */; };
		1BA9820629D53D45003163E1 /* Invoice.swift in Sources */ = {isa = PBXBuildFile; fileRef = 1BA9820529D53D45003163E1 /* Invoice.swift */; };
		1BA9820829D53D57003163E1 /* Performance.swift in Sources */ = {isa = PBXBuildFile; fileRef = 1BA9820729D53D57003163E1 /* Performance.swift */; };
		1BA9820B29D53DC9003163E1 /* invoices.json in Resources */ = {isa = PBXBuildFile; fileRef = 1BA9820A29D53DC9003163E1 /* invoices.json */; };
		1BA9820D29D53DE0003163E1 /* FileUtil.swift in Sources */ = {isa = PBXBuildFile; fileRef = 1BA9820C29D53DE0003163E1 /* FileUtil.swift */; };
		1BA9821029D53E7C003163E1 /* Errors.swift in Sources */ = {isa = PBXBuildFile; fileRef = 1BA9820F29D53E7C003163E1 /* Errors.swift */; };
		1BFB3A2E29DA5BE5000B33F6 /* plays.json in Resources */ = {isa = PBXBuildFile; fileRef = 1BFB3A2D29DA5BE5000B33F6 /* plays.json */; };
		1BFB3A2F29DA5BE5000B33F6 /* plays.json in Resources */ = {isa = PBXBuildFile; fileRef = 1BFB3A2D29DA5BE5000B33F6 /* plays.json */; };
/* End PBXBuildFile section */

/* Begin PBXContainerItemProxy section */
		1BA981E529D53CF2003163E1 /* PBXContainerItemProxy */ = {
			isa = PBXContainerItemProxy;
			containerPortal = 1BA981CC29D53CEF003163E1 /* Project object */;
			proxyType = 1;
			remoteGlobalIDString = 1BA981D329D53CEF003163E1;
			remoteInfo = "Refactoring-Swift";
		};
		1BA981EF29D53CF2003163E1 /* PBXContainerItemProxy */ = {
			isa = PBXContainerItemProxy;
			containerPortal = 1BA981CC29D53CEF003163E1 /* Project object */;
			proxyType = 1;
			remoteGlobalIDString = 1BA981D329D53CEF003163E1;
			remoteInfo = "Refactoring-Swift";
		};
/* End PBXContainerItemProxy section */

/* Begin PBXFileReference section */
		1B7886D529D9AA390045CB3C /* Types.swift */ = {isa = PBXFileReference; lastKnownFileType = sourcecode.swift; path = Types.swift; sourceTree = "<group>"; };
		1BA981D429D53CEF003163E1 /* Refactoring-Swift.app */ = {isa = PBXFileReference; explicitFileType = wrapper.application; includeInIndex = 0; path = "Refactoring-Swift.app"; sourceTree = BUILT_PRODUCTS_DIR; };
		1BA981D729D53CEF003163E1 /* Refactoring_SwiftApp.swift */ = {isa = PBXFileReference; lastKnownFileType = sourcecode.swift; path = Refactoring_SwiftApp.swift; sourceTree = "<group>"; };
		1BA981D929D53CEF003163E1 /* ContentView.swift */ = {isa = PBXFileReference; lastKnownFileType = sourcecode.swift; path = ContentView.swift; sourceTree = "<group>"; };
		1BA981DB29D53CF1003163E1 /* Assets.xcassets */ = {isa = PBXFileReference; lastKnownFileType = folder.assetcatalog; path = Assets.xcassets; sourceTree = "<group>"; };
		1BA981DE29D53CF1003163E1 /* Preview Assets.xcassets */ = {isa = PBXFileReference; lastKnownFileType = folder.assetcatalog; path = "Preview Assets.xcassets"; sourceTree = "<group>"; };
		1BA981E429D53CF2003163E1 /* Refactoring-SwiftTests.xctest */ = {isa = PBXFileReference; explicitFileType = wrapper.cfbundle; includeInIndex = 0; path = "Refactoring-SwiftTests.xctest"; sourceTree = BUILT_PRODUCTS_DIR; };
		1BA981E829D53CF2003163E1 /* Refactoring_SwiftTests.swift */ = {isa = PBXFileReference; lastKnownFileType = sourcecode.swift; path = Refactoring_SwiftTests.swift; sourceTree = "<group>"; };
		1BA981EE29D53CF2003163E1 /* Refactoring-SwiftUITests.xctest */ = {isa = PBXFileReference; explicitFileType = wrapper.cfbundle; includeInIndex = 0; path = "Refactoring-SwiftUITests.xctest"; sourceTree = BUILT_PRODUCTS_DIR; };
		1BA981F229D53CF2003163E1 /* Refactoring_SwiftUITests.swift */ = {isa = PBXFileReference; lastKnownFileType = sourcecode.swift; path = Refactoring_SwiftUITests.swift; sourceTree = "<group>"; };
		1BA981F429D53CF2003163E1 /* Refactoring_SwiftUITestsLaunchTests.swift */ = {isa = PBXFileReference; lastKnownFileType = sourcecode.swift; path = Refactoring_SwiftUITestsLaunchTests.swift; sourceTree = "<group>"; };
		1BA9820329D53D2F003163E1 /* Play.swift */ = {isa = PBXFileReference; lastKnownFileType = sourcecode.swift; path = Play.swift; sourceTree = "<group>"; };
		1BA9820529D53D45003163E1 /* Invoice.swift */ = {isa = PBXFileReference; lastKnownFileType = sourcecode.swift; path = Invoice.swift; sourceTree = "<group>"; };
		1BA9820729D53D57003163E1 /* Performance.swift */ = {isa = PBXFileReference; lastKnownFileType = sourcecode.swift; path = Performance.swift; sourceTree = "<group>"; };
		1BA9820A29D53DC9003163E1 /* invoices.json */ = {isa = PBXFileReference; lastKnownFileType = text.json; path = invoices.json; sourceTree = "<group>"; };
		1BA9820C29D53DE0003163E1 /* FileUtil.swift */ = {isa = PBXFileReference; lastKnownFileType = sourcecode.swift; path = FileUtil.swift; sourceTree = "<group>"; };
		1BA9820F29D53E7C003163E1 /* Errors.swift */ = {isa = PBXFileReference; lastKnownFileType = sourcecode.swift; path = Errors.swift; sourceTree = "<group>"; };
		1BFB3A2D29DA5BE5000B33F6 /* plays.json */ = {isa = PBXFileReference; lastKnownFileType = text.json; path = plays.json; sourceTree = "<group>"; };
/* End PBXFileReference section */

/* Begin PBXFrameworksBuildPhase section */
		1BA981D129D53CEF003163E1 /* Frameworks */ = {
			isa = PBXFrameworksBuildPhase;
			buildActionMask = 2147483647;
			files = (
			);
			runOnlyForDeploymentPostprocessing = 0;
		};
		1BA981E129D53CF2003163E1 /* Frameworks */ = {
			isa = PBXFrameworksBuildPhase;
			buildActionMask = 2147483647;
			files = (
			);
			runOnlyForDeploymentPostprocessing = 0;
		};
		1BA981EB29D53CF2003163E1 /* Frameworks */ = {
			isa = PBXFrameworksBuildPhase;
			buildActionMask = 2147483647;
			files = (
			);
			runOnlyForDeploymentPostprocessing = 0;
		};
/* End PBXFrameworksBuildPhase section */

/* Begin PBXGroup section */
		1B7886D429D9AA200045CB3C /* Enums */ = {
			isa = PBXGroup;
			children = (
				1B7886D529D9AA390045CB3C /* Types.swift */,
			);
			path = Enums;
			sourceTree = "<group>";
		};
		1BA981CB29D53CEF003163E1 = {
			isa = PBXGroup;
			children = (
				1BA981D629D53CEF003163E1 /* Refactoring-Swift */,
				1BA981E729D53CF2003163E1 /* Refactoring-SwiftTests */,
				1BA981F129D53CF2003163E1 /* Refactoring-SwiftUITests */,
				1BA981D529D53CEF003163E1 /* Products */,
			);
			sourceTree = "<group>";
		};
		1BA981D529D53CEF003163E1 /* Products */ = {
			isa = PBXGroup;
			children = (
				1BA981D429D53CEF003163E1 /* Refactoring-Swift.app */,
				1BA981E429D53CF2003163E1 /* Refactoring-SwiftTests.xctest */,
				1BA981EE29D53CF2003163E1 /* Refactoring-SwiftUITests.xctest */,
			);
			name = Products;
			sourceTree = "<group>";
		};
		1BA981D629D53CEF003163E1 /* Refactoring-Swift */ = {
			isa = PBXGroup;
			children = (
				1B7886D429D9AA200045CB3C /* Enums */,
				1BA9820E29D53E73003163E1 /* Errors */,
				1BA9820229D53D0E003163E1 /* Files */,
				1BA9820129D53CFF003163E1 /* Models */,
				1BA981D729D53CEF003163E1 /* Refactoring_SwiftApp.swift */,
				1BA981D929D53CEF003163E1 /* ContentView.swift */,
				1BA981DB29D53CF1003163E1 /* Assets.xcassets */,
				1BA981DD29D53CF1003163E1 /* Preview Content */,
			);
			path = "Refactoring-Swift";
			sourceTree = "<group>";
		};
		1BA981DD29D53CF1003163E1 /* Preview Content */ = {
			isa = PBXGroup;
			children = (
				1BA981DE29D53CF1003163E1 /* Preview Assets.xcassets */,
			);
			path = "Preview Content";
			sourceTree = "<group>";
		};
		1BA981E729D53CF2003163E1 /* Refactoring-SwiftTests */ = {
			isa = PBXGroup;
			children = (
				1BA981E829D53CF2003163E1 /* Refactoring_SwiftTests.swift */,
			);
			path = "Refactoring-SwiftTests";
			sourceTree = "<group>";
		};
		1BA981F129D53CF2003163E1 /* Refactoring-SwiftUITests */ = {
			isa = PBXGroup;
			children = (
				1BA981F229D53CF2003163E1 /* Refactoring_SwiftUITests.swift */,
				1BA981F429D53CF2003163E1 /* Refactoring_SwiftUITestsLaunchTests.swift */,
			);
			path = "Refactoring-SwiftUITests";
			sourceTree = "<group>";
		};
		1BA9820129D53CFF003163E1 /* Models */ = {
			isa = PBXGroup;
			children = (
				1BA9820329D53D2F003163E1 /* Play.swift */,
				1BA9820529D53D45003163E1 /* Invoice.swift */,
				1BA9820729D53D57003163E1 /* Performance.swift */,
			);
			path = Models;
			sourceTree = "<group>";
		};
		1BA9820229D53D0E003163E1 /* Files */ = {
			isa = PBXGroup;
			children = (
				1BA9820A29D53DC9003163E1 /* invoices.json */,
				1BA9820C29D53DE0003163E1 /* FileUtil.swift */,
				1BFB3A2D29DA5BE5000B33F6 /* plays.json */,
			);
			path = Files;
			sourceTree = "<group>";
		};
		1BA9820E29D53E73003163E1 /* Errors */ = {
			isa = PBXGroup;
			children = (
				1BA9820F29D53E7C003163E1 /* Errors.swift */,
			);
			path = Errors;
			sourceTree = "<group>";
		};
/* End PBXGroup section */

/* Begin PBXNativeTarget section */
		1BA981D329D53CEF003163E1 /* Refactoring-Swift */ = {
			isa = PBXNativeTarget;
			buildConfigurationList = 1BA981F829D53CF2003163E1 /* Build configuration list for PBXNativeTarget "Refactoring-Swift" */;
			buildPhases = (
				1BA981D029D53CEF003163E1 /* Sources */,
				1BA981D129D53CEF003163E1 /* Frameworks */,
				1BA981D229D53CEF003163E1 /* Resources */,
			);
			buildRules = (
			);
			dependencies = (
			);
			name = "Refactoring-Swift";
			productName = "Refactoring-Swift";
			productReference = 1BA981D429D53CEF003163E1 /* Refactoring-Swift.app */;
			productType = "com.apple.product-type.application";
		};
		1BA981E329D53CF2003163E1 /* Refactoring-SwiftTests */ = {
			isa = PBXNativeTarget;
			buildConfigurationList = 1BA981FB29D53CF2003163E1 /* Build configuration list for PBXNativeTarget "Refactoring-SwiftTests" */;
			buildPhases = (
				1BA981E029D53CF2003163E1 /* Sources */,
				1BA981E129D53CF2003163E1 /* Frameworks */,
				1BA981E229D53CF2003163E1 /* Resources */,
			);
			buildRules = (
			);
			dependencies = (
				1BA981E629D53CF2003163E1 /* PBXTargetDependency */,
			);
			name = "Refactoring-SwiftTests";
			productName = "Refactoring-SwiftTests";
			productReference = 1BA981E429D53CF2003163E1 /* Refactoring-SwiftTests.xctest */;
			productType = "com.apple.product-type.bundle.unit-test";
		};
		1BA981ED29D53CF2003163E1 /* Refactoring-SwiftUITests */ = {
			isa = PBXNativeTarget;
			buildConfigurationList = 1BA981FE29D53CF2003163E1 /* Build configuration list for PBXNativeTarget "Refactoring-SwiftUITests" */;
			buildPhases = (
				1BA981EA29D53CF2003163E1 /* Sources */,
				1BA981EB29D53CF2003163E1 /* Frameworks */,
				1BA981EC29D53CF2003163E1 /* Resources */,
			);
			buildRules = (
			);
			dependencies = (
				1BA981F029D53CF2003163E1 /* PBXTargetDependency */,
			);
			name = "Refactoring-SwiftUITests";
			productName = "Refactoring-SwiftUITests";
			productReference = 1BA981EE29D53CF2003163E1 /* Refactoring-SwiftUITests.xctest */;
			productType = "com.apple.product-type.bundle.ui-testing";
		};
/* End PBXNativeTarget section */

/* Begin PBXProject section */
		1BA981CC29D53CEF003163E1 /* Project object */ = {
			isa = PBXProject;
			attributes = {
				BuildIndependentTargetsInParallel = 1;
				LastSwiftUpdateCheck = 1420;
				LastUpgradeCheck = 1420;
				TargetAttributes = {
					1BA981D329D53CEF003163E1 = {
						CreatedOnToolsVersion = 14.2;
					};
					1BA981E329D53CF2003163E1 = {
						CreatedOnToolsVersion = 14.2;
						TestTargetID = 1BA981D329D53CEF003163E1;
					};
					1BA981ED29D53CF2003163E1 = {
						CreatedOnToolsVersion = 14.2;
						TestTargetID = 1BA981D329D53CEF003163E1;
					};
				};
			};
			buildConfigurationList = 1BA981CF29D53CEF003163E1 /* Build configuration list for PBXProject "Refactoring-Swift" */;
			compatibilityVersion = "Xcode 14.0";
			developmentRegion = en;
			hasScannedForEncodings = 0;
			knownRegions = (
				en,
				Base,
			);
			mainGroup = 1BA981CB29D53CEF003163E1;
			productRefGroup = 1BA981D529D53CEF003163E1 /* Products */;
			projectDirPath = "";
			projectRoot = "";
			targets = (
				1BA981D329D53CEF003163E1 /* Refactoring-Swift */,
				1BA981E329D53CF2003163E1 /* Refactoring-SwiftTests */,
				1BA981ED29D53CF2003163E1 /* Refactoring-SwiftUITests */,
			);
		};
/* End PBXProject section */

/* Begin PBXResourcesBuildPhase section */
		1BA981D229D53CEF003163E1 /* Resources */ = {
			isa = PBXResourcesBuildPhase;
			buildActionMask = 2147483647;
			files = (
				1BA981DF29D53CF1003163E1 /* Preview Assets.xcassets in Resources */,
				1BA981DC29D53CF1003163E1 /* Assets.xcassets in Resources */,
				1BA9820B29D53DC9003163E1 /* invoices.json in Resources */,
				1BFB3A2E29DA5BE5000B33F6 /* plays.json in Resources */,
			);
			runOnlyForDeploymentPostprocessing = 0;
		};
		1BA981E229D53CF2003163E1 /* Resources */ = {
			isa = PBXResourcesBuildPhase;
			buildActionMask = 2147483647;
			files = (
				1BFB3A2F29DA5BE5000B33F6 /* plays.json in Resources */,
			);
			runOnlyForDeploymentPostprocessing = 0;
		};
		1BA981EC29D53CF2003163E1 /* Resources */ = {
			isa = PBXResourcesBuildPhase;
			buildActionMask = 2147483647;
			files = (
			);
			runOnlyForDeploymentPostprocessing = 0;
		};
/* End PBXResourcesBuildPhase section */

/* Begin PBXSourcesBuildPhase section */
		1BA981D029D53CEF003163E1 /* Sources */ = {
			isa = PBXSourcesBuildPhase;
			buildActionMask = 2147483647;
			files = (
				1BA981DA29D53CEF003163E1 /* ContentView.swift in Sources */,
				1BA9820829D53D57003163E1 /* Performance.swift in Sources */,
				1BA9820629D53D45003163E1 /* Invoice.swift in Sources */,
				1B7886D629D9AA390045CB3C /* Types.swift in Sources */,
				1BA9820D29D53DE0003163E1 /* FileUtil.swift in Sources */,
				1BA981D829D53CEF003163E1 /* Refactoring_SwiftApp.swift in Sources */,
				1BA9820429D53D2F003163E1 /* Play.swift in Sources */,
				1BA9821029D53E7C003163E1 /* Errors.swift in Sources */,
			);
			runOnlyForDeploymentPostprocessing = 0;
		};
		1BA981E029D53CF2003163E1 /* Sources */ = {
			isa = PBXSourcesBuildPhase;
			buildActionMask = 2147483647;
			files = (
				1BA981E929D53CF2003163E1 /* Refactoring_SwiftTests.swift in Sources */,
			);
			runOnlyForDeploymentPostprocessing = 0;
		};
		1BA981EA29D53CF2003163E1 /* Sources */ = {
			isa = PBXSourcesBuildPhase;
			buildActionMask = 2147483647;
			files = (
				1BA981F329D53CF2003163E1 /* Refactoring_SwiftUITests.swift in Sources */,
				1BA981F529D53CF2003163E1 /* Refactoring_SwiftUITestsLaunchTests.swift in Sources */,
			);
			runOnlyForDeploymentPostprocessing = 0;
		};
/* End PBXSourcesBuildPhase section */

/* Begin PBXTargetDependency section */
		1BA981E629D53CF2003163E1 /* PBXTargetDependency */ = {
			isa = PBXTargetDependency;
			target = 1BA981D329D53CEF003163E1 /* Refactoring-Swift */;
			targetProxy = 1BA981E529D53CF2003163E1 /* PBXContainerItemProxy */;
		};
		1BA981F029D53CF2003163E1 /* PBXTargetDependency */ = {
			isa = PBXTargetDependency;
			target = 1BA981D329D53CEF003163E1 /* Refactoring-Swift */;
			targetProxy = 1BA981EF29D53CF2003163E1 /* PBXContainerItemProxy */;
		};
/* End PBXTargetDependency section */

/* Begin XCBuildConfiguration section */
		1BA981F629D53CF2003163E1 /* Debug */ = {
			isa = XCBuildConfiguration;
			buildSettings = {
				ALWAYS_SEARCH_USER_PATHS = NO;
				CLANG_ANALYZER_NONNULL = YES;
				CLANG_ANALYZER_NUMBER_OBJECT_CONVERSION = YES_AGGRESSIVE;
				CLANG_CXX_LANGUAGE_STANDARD = "gnu++20";
				CLANG_ENABLE_MODULES = YES;
				CLANG_ENABLE_OBJC_ARC = YES;
				CLANG_ENABLE_OBJC_WEAK = YES;
				CLANG_WARN_BLOCK_CAPTURE_AUTORELEASING = YES;
				CLANG_WARN_BOOL_CONVERSION = YES;
				CLANG_WARN_COMMA = YES;
				CLANG_WARN_CONSTANT_CONVERSION = YES;
				CLANG_WARN_DEPRECATED_OBJC_IMPLEMENTATIONS = YES;
				CLANG_WARN_DIRECT_OBJC_ISA_USAGE = YES_ERROR;
				CLANG_WARN_DOCUMENTATION_COMMENTS = YES;
				CLANG_WARN_EMPTY_BODY = YES;
				CLANG_WARN_ENUM_CONVERSION = YES;
				CLANG_WARN_INFINITE_RECURSION = YES;
				CLANG_WARN_INT_CONVERSION = YES;
				CLANG_WARN_NON_LITERAL_NULL_CONVERSION = YES;
				CLANG_WARN_OBJC_IMPLICIT_RETAIN_SELF = YES;
				CLANG_WARN_OBJC_LITERAL_CONVERSION = YES;
				CLANG_WARN_OBJC_ROOT_CLASS = YES_ERROR;
				CLANG_WARN_QUOTED_INCLUDE_IN_FRAMEWORK_HEADER = YES;
				CLANG_WARN_RANGE_LOOP_ANALYSIS = YES;
				CLANG_WARN_STRICT_PROTOTYPES = YES;
				CLANG_WARN_SUSPICIOUS_MOVE = YES;
				CLANG_WARN_UNGUARDED_AVAILABILITY = YES_AGGRESSIVE;
				CLANG_WARN_UNREACHABLE_CODE = YES;
				CLANG_WARN__DUPLICATE_METHOD_MATCH = YES;
				COPY_PHASE_STRIP = NO;
				DEBUG_INFORMATION_FORMAT = dwarf;
				ENABLE_STRICT_OBJC_MSGSEND = YES;
				ENABLE_TESTABILITY = YES;
				GCC_C_LANGUAGE_STANDARD = gnu11;
				GCC_DYNAMIC_NO_PIC = NO;
				GCC_NO_COMMON_BLOCKS = YES;
				GCC_OPTIMIZATION_LEVEL = 0;
				GCC_PREPROCESSOR_DEFINITIONS = (
					"DEBUG=1",
					"$(inherited)",
				);
				GCC_WARN_64_TO_32_BIT_CONVERSION = YES;
				GCC_WARN_ABOUT_RETURN_TYPE = YES_ERROR;
				GCC_WARN_UNDECLARED_SELECTOR = YES;
				GCC_WARN_UNINITIALIZED_AUTOS = YES_AGGRESSIVE;
				GCC_WARN_UNUSED_FUNCTION = YES;
				GCC_WARN_UNUSED_VARIABLE = YES;
				IPHONEOS_DEPLOYMENT_TARGET = 16.2;
				MTL_ENABLE_DEBUG_INFO = INCLUDE_SOURCE;
				MTL_FAST_MATH = YES;
				ONLY_ACTIVE_ARCH = YES;
				SDKROOT = iphoneos;
				SWIFT_ACTIVE_COMPILATION_CONDITIONS = DEBUG;
				SWIFT_OPTIMIZATION_LEVEL = "-Onone";
			};
			name = Debug;
		};
		1BA981F729D53CF2003163E1 /* Release */ = {
			isa = XCBuildConfiguration;
			buildSettings = {
				ALWAYS_SEARCH_USER_PATHS = NO;
				CLANG_ANALYZER_NONNULL = YES;
				CLANG_ANALYZER_NUMBER_OBJECT_CONVERSION = YES_AGGRESSIVE;
				CLANG_CXX_LANGUAGE_STANDARD = "gnu++20";
				CLANG_ENABLE_MODULES = YES;
				CLANG_ENABLE_OBJC_ARC = YES;
				CLANG_ENABLE_OBJC_WEAK = YES;
				CLANG_WARN_BLOCK_CAPTURE_AUTORELEASING = YES;
				CLANG_WARN_BOOL_CONVERSION = YES;
				CLANG_WARN_COMMA = YES;
				CLANG_WARN_CONSTANT_CONVERSION = YES;
				CLANG_WARN_DEPRECATED_OBJC_IMPLEMENTATIONS = YES;
				CLANG_WARN_DIRECT_OBJC_ISA_USAGE = YES_ERROR;
				CLANG_WARN_DOCUMENTATION_COMMENTS = YES;
				CLANG_WARN_EMPTY_BODY = YES;
				CLANG_WARN_ENUM_CONVERSION = YES;
				CLANG_WARN_INFINITE_RECURSION = YES;
				CLANG_WARN_INT_CONVERSION = YES;
				CLANG_WARN_NON_LITERAL_NULL_CONVERSION = YES;
				CLANG_WARN_OBJC_IMPLICIT_RETAIN_SELF = YES;
				CLANG_WARN_OBJC_LITERAL_CONVERSION = YES;
				CLANG_WARN_OBJC_ROOT_CLASS = YES_ERROR;
				CLANG_WARN_QUOTED_INCLUDE_IN_FRAMEWORK_HEADER = YES;
				CLANG_WARN_RANGE_LOOP_ANALYSIS = YES;
				CLANG_WARN_STRICT_PROTOTYPES = YES;
				CLANG_WARN_SUSPICIOUS_MOVE = YES;
				CLANG_WARN_UNGUARDED_AVAILABILITY = YES_AGGRESSIVE;
				CLANG_WARN_UNREACHABLE_CODE = YES;
				CLANG_WARN__DUPLICATE_METHOD_MATCH = YES;
				COPY_PHASE_STRIP = NO;
				DEBUG_INFORMATION_FORMAT = "dwarf-with-dsym";
				ENABLE_NS_ASSERTIONS = NO;
				ENABLE_STRICT_OBJC_MSGSEND = YES;
				GCC_C_LANGUAGE_STANDARD = gnu11;
				GCC_NO_COMMON_BLOCKS = YES;
				GCC_WARN_64_TO_32_BIT_CONVERSION = YES;
				GCC_WARN_ABOUT_RETURN_TYPE = YES_ERROR;
				GCC_WARN_UNDECLARED_SELECTOR = YES;
				GCC_WARN_UNINITIALIZED_AUTOS = YES_AGGRESSIVE;
				GCC_WARN_UNUSED_FUNCTION = YES;
				GCC_WARN_UNUSED_VARIABLE = YES;
				IPHONEOS_DEPLOYMENT_TARGET = 16.2;
				MTL_ENABLE_DEBUG_INFO = NO;
				MTL_FAST_MATH = YES;
				SDKROOT = iphoneos;
				SWIFT_COMPILATION_MODE = wholemodule;
				SWIFT_OPTIMIZATION_LEVEL = "-O";
				VALIDATE_PRODUCT = YES;
			};
			name = Release;
		};
		1BA981F929D53CF2003163E1 /* Debug */ = {
			isa = XCBuildConfiguration;
			buildSettings = {
				ASSETCATALOG_COMPILER_APPICON_NAME = AppIcon;
				ASSETCATALOG_COMPILER_GLOBAL_ACCENT_COLOR_NAME = AccentColor;
				CODE_SIGN_STYLE = Automatic;
				CURRENT_PROJECT_VERSION = 1;
				DEVELOPMENT_ASSET_PATHS = "\"Refactoring-Swift/Preview Content\"";
				DEVELOPMENT_TEAM = 5L35274LCJ;
				ENABLE_PREVIEWS = YES;
				GENERATE_INFOPLIST_FILE = YES;
				INFOPLIST_KEY_UIApplicationSceneManifest_Generation = YES;
				INFOPLIST_KEY_UIApplicationSupportsIndirectInputEvents = YES;
				INFOPLIST_KEY_UILaunchScreen_Generation = YES;
				INFOPLIST_KEY_UISupportedInterfaceOrientations_iPad = "UIInterfaceOrientationPortrait UIInterfaceOrientationPortraitUpsideDown UIInterfaceOrientationLandscapeLeft UIInterfaceOrientationLandscapeRight";
				INFOPLIST_KEY_UISupportedInterfaceOrientations_iPhone = "UIInterfaceOrientationPortrait UIInterfaceOrientationLandscapeLeft UIInterfaceOrientationLandscapeRight";
				LD_RUNPATH_SEARCH_PATHS = (
					"$(inherited)",
					"@executable_path/Frameworks",
				);
				MARKETING_VERSION = 1.0;
				PRODUCT_BUNDLE_IDENTIFIER = "lucasmaniero.dev.Refactoring-Swift";
				PRODUCT_NAME = "$(TARGET_NAME)";
				SWIFT_EMIT_LOC_STRINGS = YES;
				SWIFT_VERSION = 5.0;
				TARGETED_DEVICE_FAMILY = "1,2";
			};
			name = Debug;
		};
		1BA981FA29D53CF2003163E1 /* Release */ = {
			isa = XCBuildConfiguration;
			buildSettings = {
				ASSETCATALOG_COMPILER_APPICON_NAME = AppIcon;
				ASSETCATALOG_COMPILER_GLOBAL_ACCENT_COLOR_NAME = AccentColor;
				CODE_SIGN_STYLE = Automatic;
				CURRENT_PROJECT_VERSION = 1;
				DEVELOPMENT_ASSET_PATHS = "\"Refactoring-Swift/Preview Content\"";
				DEVELOPMENT_TEAM = 5L35274LCJ;
				ENABLE_PREVIEWS = YES;
				GENERATE_INFOPLIST_FILE = YES;
				INFOPLIST_KEY_UIApplicationSceneManifest_Generation = YES;
				INFOPLIST_KEY_UIApplicationSupportsIndirectInputEvents = YES;
				INFOPLIST_KEY_UILaunchScreen_Generation = YES;
				INFOPLIST_KEY_UISupportedInterfaceOrientations_iPad = "UIInterfaceOrientationPortrait UIInterfaceOrientationPortraitUpsideDown UIInterfaceOrientationLandscapeLeft UIInterfaceOrientationLandscapeRight";
				INFOPLIST_KEY_UISupportedInterfaceOrientations_iPhone = "UIInterfaceOrientationPortrait UIInterfaceOrientationLandscapeLeft UIInterfaceOrientationLandscapeRight";
				LD_RUNPATH_SEARCH_PATHS = (
					"$(inherited)",
					"@executable_path/Frameworks",
				);
				MARKETING_VERSION = 1.0;
				PRODUCT_BUNDLE_IDENTIFIER = "lucasmaniero.dev.Refactoring-Swift";
				PRODUCT_NAME = "$(TARGET_NAME)";
				SWIFT_EMIT_LOC_STRINGS = YES;
				SWIFT_VERSION = 5.0;
				TARGETED_DEVICE_FAMILY = "1,2";
			};
			name = Release;
		};
		1BA981FC29D53CF2003163E1 /* Debug */ = {
			isa = XCBuildConfiguration;
			buildSettings = {
				ALWAYS_EMBED_SWIFT_STANDARD_LIBRARIES = YES;
				BUNDLE_LOADER = "$(TEST_HOST)";
				CODE_SIGN_STYLE = Automatic;
				CURRENT_PROJECT_VERSION = 1;
				DEVELOPMENT_TEAM = 5L35274LCJ;
				GENERATE_INFOPLIST_FILE = YES;
				IPHONEOS_DEPLOYMENT_TARGET = 16.2;
				MARKETING_VERSION = 1.0;
				PRODUCT_BUNDLE_IDENTIFIER = "lucasmaniero.dev.Refactoring-SwiftTests";
				PRODUCT_NAME = "$(TARGET_NAME)";
				SWIFT_EMIT_LOC_STRINGS = NO;
				SWIFT_VERSION = 5.0;
				TARGETED_DEVICE_FAMILY = "1,2";
				TEST_HOST = "$(BUILT_PRODUCTS_DIR)/Refactoring-Swift.app/$(BUNDLE_EXECUTABLE_FOLDER_PATH)/Refactoring-Swift";
			};
			name = Debug;
		};
		1BA981FD29D53CF2003163E1 /* Release */ = {
			isa = XCBuildConfiguration;
			buildSettings = {
				ALWAYS_EMBED_SWIFT_STANDARD_LIBRARIES = YES;
				BUNDLE_LOADER = "$(TEST_HOST)";
				CODE_SIGN_STYLE = Automatic;
				CURRENT_PROJECT_VERSION = 1;
				DEVELOPMENT_TEAM = 5L35274LCJ;
				GENERATE_INFOPLIST_FILE = YES;
				IPHONEOS_DEPLOYMENT_TARGET = 16.2;
				MARKETING_VERSION = 1.0;
				PRODUCT_BUNDLE_IDENTIFIER = "lucasmaniero.dev.Refactoring-SwiftTests";
				PRODUCT_NAME = "$(TARGET_NAME)";
				SWIFT_EMIT_LOC_STRINGS = NO;
				SWIFT_VERSION = 5.0;
				TARGETED_DEVICE_FAMILY = "1,2";
				TEST_HOST = "$(BUILT_PRODUCTS_DIR)/Refactoring-Swift.app/$(BUNDLE_EXECUTABLE_FOLDER_PATH)/Refactoring-Swift";
			};
			name = Release;
		};
		1BA981FF29D53CF2003163E1 /* Debug */ = {
			isa = XCBuildConfiguration;
			buildSettings = {
				ALWAYS_EMBED_SWIFT_STANDARD_LIBRARIES = YES;
				CODE_SIGN_STYLE = Automatic;
				CURRENT_PROJECT_VERSION = 1;
				DEVELOPMENT_TEAM = 5L35274LCJ;
				GENERATE_INFOPLIST_FILE = YES;
				MARKETING_VERSION = 1.0;
				PRODUCT_BUNDLE_IDENTIFIER = "lucasmaniero.dev.Refactoring-SwiftUITests";
				PRODUCT_NAME = "$(TARGET_NAME)";
				SWIFT_EMIT_LOC_STRINGS = NO;
				SWIFT_VERSION = 5.0;
				TARGETED_DEVICE_FAMILY = "1,2";
				TEST_TARGET_NAME = "Refactoring-Swift";
			};
			name = Debug;
		};
		1BA9820029D53CF2003163E1 /* Release */ = {
			isa = XCBuildConfiguration;
			buildSettings = {
				ALWAYS_EMBED_SWIFT_STANDARD_LIBRARIES = YES;
				CODE_SIGN_STYLE = Automatic;
				CURRENT_PROJECT_VERSION = 1;
				DEVELOPMENT_TEAM = 5L35274LCJ;
				GENERATE_INFOPLIST_FILE = YES;
				MARKETING_VERSION = 1.0;
				PRODUCT_BUNDLE_IDENTIFIER = "lucasmaniero.dev.Refactoring-SwiftUITests";
				PRODUCT_NAME = "$(TARGET_NAME)";
				SWIFT_EMIT_LOC_STRINGS = NO;
				SWIFT_VERSION = 5.0;
				TARGETED_DEVICE_FAMILY = "1,2";
				TEST_TARGET_NAME = "Refactoring-Swift";
			};
			name = Release;
		};
/* End XCBuildConfiguration section */

/* Begin XCConfigurationList section */
		1BA981CF29D53CEF003163E1 /* Build configuration list for PBXProject "Refactoring-Swift" */ = {
			isa = XCConfigurationList;
			buildConfigurations = (
				1BA981F629D53CF2003163E1 /* Debug */,
				1BA981F729D53CF2003163E1 /* Release */,
			);
			defaultConfigurationIsVisible = 0;
			defaultConfigurationName = Release;
		};
		1BA981F829D53CF2003163E1 /* Build configuration list for PBXNativeTarget "Refactoring-Swift" */ = {
			isa = XCConfigurationList;
			buildConfigurations = (
				1BA981F929D53CF2003163E1 /* Debug */,
				1BA981FA29D53CF2003163E1 /* Release */,
			);
			defaultConfigurationIsVisible = 0;
			defaultConfigurationName = Release;
		};
		1BA981FB29D53CF2003163E1 /* Build configuration list for PBXNativeTarget "Refactoring-SwiftTests" */ = {
			isa = XCConfigurationList;
			buildConfigurations = (
				1BA981FC29D53CF2003163E1 /* Debug */,
				1BA981FD29D53CF2003163E1 /* Release */,
			);
			defaultConfigurationIsVisible = 0;
			defaultConfigurationName = Release;
		};
		1BA981FE29D53CF2003163E1 /* Build configuration list for PBXNativeTarget "Refactoring-SwiftUITests" */ = {
			isa = XCConfigurationList;
			buildConfigurations = (
				1BA981FF29D53CF2003163E1 /* Debug */,
				1BA9820029D53CF2003163E1 /* Release */,
			);
			defaultConfigurationIsVisible = 0;
			defaultConfigurationName = Release;
		};
/* End XCConfigurationList section */
	};
	rootObject = 1BA981CC29D53CEF003163E1 /* Project object */;
}
